// !$*UTF8*$!
{
	archiveVersion = 1;
	classes = {
	};
	objectVersion = 46;
	objects = {

/* Begin PBXBuildFile section */
		5C24E708F0E71AD855474195 /* Pods_Portal_RunUITests.framework in Frameworks */ = {isa = PBXBuildFile; fileRef = 4B43039D806AD2BB0B36E635 /* Pods_Portal_RunUITests.framework */; };
		618198B5E3BC831D9F5CB1E8 /* Pods_Portal_Run.framework in Frameworks */ = {isa = PBXBuildFile; fileRef = 65B8C87CE10CB78A3BB7877D /* Pods_Portal_Run.framework */; };
		6256DD261DF60C8E005B8E2B /* MovingGround.swift in Sources */ = {isa = PBXBuildFile; fileRef = 6256DD251DF60C8E005B8E2B /* MovingGround.swift */; };
		6256DD281DF61659005B8E2B /* Hero.swift in Sources */ = {isa = PBXBuildFile; fileRef = 6256DD271DF61659005B8E2B /* Hero.swift */; };
		6256DD2A1DF62BA7005B8E2B /* WallGenerator.swift in Sources */ = {isa = PBXBuildFile; fileRef = 6256DD291DF62BA7005B8E2B /* WallGenerator.swift */; };
		6256DD2C1DF62BBC005B8E2B /* Wall.swift in Sources */ = {isa = PBXBuildFile; fileRef = 6256DD2B1DF62BBC005B8E2B /* Wall.swift */; };
		6256DD2F1DF6303F005B8E2B /* Constants.swift in Sources */ = {isa = PBXBuildFile; fileRef = 6256DD2E1DF6303F005B8E2B /* Constants.swift */; };
		6256DD311DF64E95005B8E2B /* Portal.swift in Sources */ = {isa = PBXBuildFile; fileRef = 6256DD301DF64E95005B8E2B /* Portal.swift */; };
		6256DD331DF6504A005B8E2B /* PortalGenerator.swift in Sources */ = {isa = PBXBuildFile; fileRef = 6256DD321DF6504A005B8E2B /* PortalGenerator.swift */; };
		BCB0A9051DF7956F004FAEAF /* icon-images in Resources */ = {isa = PBXBuildFile; fileRef = BCB0A9041DF7956F004FAEAF /* icon-images */; };
		D428DC9953B4D6EC5633CFD8 /* Pods_Portal_RunTests.framework in Frameworks */ = {isa = PBXBuildFile; fileRef = CE04E0BB23B565354FAB900D /* Pods_Portal_RunTests.framework */; };
		F82B2D351DD6457A001C0483 /* AppDelegate.swift in Sources */ = {isa = PBXBuildFile; fileRef = F82B2D341DD6457A001C0483 /* AppDelegate.swift */; };
		F82B2D3D1DD6457A001C0483 /* GameViewController.swift in Sources */ = {isa = PBXBuildFile; fileRef = F82B2D3C1DD6457A001C0483 /* GameViewController.swift */; };
		F82B2D401DD6457A001C0483 /* Main.storyboard in Resources */ = {isa = PBXBuildFile; fileRef = F82B2D3E1DD6457A001C0483 /* Main.storyboard */; };
		F82B2D421DD6457B001C0483 /* Assets.xcassets in Resources */ = {isa = PBXBuildFile; fileRef = F82B2D411DD6457B001C0483 /* Assets.xcassets */; };
		F82B2D451DD6457B001C0483 /* LaunchScreen.storyboard in Resources */ = {isa = PBXBuildFile; fileRef = F82B2D431DD6457B001C0483 /* LaunchScreen.storyboard */; };
		F82B2D501DD6457B001C0483 /* Portal_RunTests.swift in Sources */ = {isa = PBXBuildFile; fileRef = F82B2D4F1DD6457B001C0483 /* Portal_RunTests.swift */; };
		F82B2D5B1DD6457B001C0483 /* Portal_RunUITests.swift in Sources */ = {isa = PBXBuildFile; fileRef = F82B2D5A1DD6457B001C0483 /* Portal_RunUITests.swift */; };
		F82B2D701DD6601B001C0483 /* StartScreenViewController.swift in Sources */ = {isa = PBXBuildFile; fileRef = F82B2D6F1DD6601B001C0483 /* StartScreenViewController.swift */; };
		F82B2D721DD66398001C0483 /* InstructionViewController.swift in Sources */ = {isa = PBXBuildFile; fileRef = F82B2D711DD66397001C0483 /* InstructionViewController.swift */; };
		F82C5BAE1E3478DF00A5EB02 /* GoogleService-Info.plist in Resources */ = {isa = PBXBuildFile; fileRef = F82C5BAD1E3478DF00A5EB02 /* GoogleService-Info.plist */; };
		F82DB8261DF772E200A613F9 /* ScoreboardData.swift in Sources */ = {isa = PBXBuildFile; fileRef = F82DB8251DF772E000A613F9 /* ScoreboardData.swift */; };
		F82DB8291DF798A000A613F9 /* HighScoresTableViewController.swift in Sources */ = {isa = PBXBuildFile; fileRef = F82DB8281DF798A000A613F9 /* HighScoresTableViewController.swift */; };
		F8978D551E343DCD008F1774 /* Portal-Run.xcdatamodeld in Sources */ = {isa = PBXBuildFile; fileRef = F8978D531E343DCD008F1774 /* Portal-Run.xcdatamodeld */; };
		F8B7CC7C1DF14548002FE3D9 /* GameScene.swift in Sources */ = {isa = PBXBuildFile; fileRef = F8B7CC7B1DF14548002FE3D9 /* GameScene.swift */; };
		F8E4391F1DF8DC58003B3CD3 /* Scoreboard.swift in Sources */ = {isa = PBXBuildFile; fileRef = F8E4391E1DF8DC58003B3CD3 /* Scoreboard.swift */; };
		F8E439211DF91025003B3CD3 /* Cloud.swift in Sources */ = {isa = PBXBuildFile; fileRef = F8E439201DF91024003B3CD3 /* Cloud.swift */; };
		F8E439231DF91574003B3CD3 /* CloudGenerator.swift in Sources */ = {isa = PBXBuildFile; fileRef = F8E439221DF91574003B3CD3 /* CloudGenerator.swift */; };
		F9FAF7E11DF8D0A600DD687D /* video.mov in Resources */ = {isa = PBXBuildFile; fileRef = F9FAF7E01DF8D0A600DD687D /* video.mov */; };
/* End PBXBuildFile section */

/* Begin PBXContainerItemProxy section */
		F82B2D4C1DD6457B001C0483 /* PBXContainerItemProxy */ = {
			isa = PBXContainerItemProxy;
			containerPortal = F82B2D291DD6457A001C0483 /* Project object */;
			proxyType = 1;
			remoteGlobalIDString = F82B2D301DD6457A001C0483;
			remoteInfo = "Portal Run";
		};
		F82B2D571DD6457B001C0483 /* PBXContainerItemProxy */ = {
			isa = PBXContainerItemProxy;
			containerPortal = F82B2D291DD6457A001C0483 /* Project object */;
			proxyType = 1;
			remoteGlobalIDString = F82B2D301DD6457A001C0483;
			remoteInfo = "Portal Run";
		};
/* End PBXContainerItemProxy section */

/* Begin PBXFileReference section */
		3B4F469F1EA004FEE5280888 /* Pods-Portal RunUITests.release.xcconfig */ = {isa = PBXFileReference; includeInIndex = 1; lastKnownFileType = text.xcconfig; name = "Pods-Portal RunUITests.release.xcconfig"; path = "Pods/Target Support Files/Pods-Portal RunUITests/Pods-Portal RunUITests.release.xcconfig"; sourceTree = "<group>"; };
		4B43039D806AD2BB0B36E635 /* Pods_Portal_RunUITests.framework */ = {isa = PBXFileReference; explicitFileType = wrapper.framework; includeInIndex = 0; path = Pods_Portal_RunUITests.framework; sourceTree = BUILT_PRODUCTS_DIR; };
		5F834F5FFAD05DCC916F2D8A /* Pods-Portal Run.debug.xcconfig */ = {isa = PBXFileReference; includeInIndex = 1; lastKnownFileType = text.xcconfig; name = "Pods-Portal Run.debug.xcconfig"; path = "Pods/Target Support Files/Pods-Portal Run/Pods-Portal Run.debug.xcconfig"; sourceTree = "<group>"; };
		6256DD251DF60C8E005B8E2B /* MovingGround.swift */ = {isa = PBXFileReference; fileEncoding = 4; lastKnownFileType = sourcecode.swift; path = MovingGround.swift; sourceTree = "<group>"; };
		6256DD271DF61659005B8E2B /* Hero.swift */ = {isa = PBXFileReference; fileEncoding = 4; lastKnownFileType = sourcecode.swift; path = Hero.swift; sourceTree = "<group>"; };
		6256DD291DF62BA7005B8E2B /* WallGenerator.swift */ = {isa = PBXFileReference; fileEncoding = 4; lastKnownFileType = sourcecode.swift; path = WallGenerator.swift; sourceTree = "<group>"; };
		6256DD2B1DF62BBC005B8E2B /* Wall.swift */ = {isa = PBXFileReference; fileEncoding = 4; lastKnownFileType = sourcecode.swift; path = Wall.swift; sourceTree = "<group>"; };
		6256DD2E1DF6303F005B8E2B /* Constants.swift */ = {isa = PBXFileReference; fileEncoding = 4; lastKnownFileType = sourcecode.swift; path = Constants.swift; sourceTree = "<group>"; };
		6256DD301DF64E95005B8E2B /* Portal.swift */ = {isa = PBXFileReference; fileEncoding = 4; lastKnownFileType = sourcecode.swift; path = Portal.swift; sourceTree = "<group>"; };
		6256DD321DF6504A005B8E2B /* PortalGenerator.swift */ = {isa = PBXFileReference; fileEncoding = 4; lastKnownFileType = sourcecode.swift; path = PortalGenerator.swift; sourceTree = "<group>"; };
		65B8C87CE10CB78A3BB7877D /* Pods_Portal_Run.framework */ = {isa = PBXFileReference; explicitFileType = wrapper.framework; includeInIndex = 0; path = Pods_Portal_Run.framework; sourceTree = BUILT_PRODUCTS_DIR; };
		A5CAD92E775B314C7B9DDC62 /* Pods-Portal RunUITests.debug.xcconfig */ = {isa = PBXFileReference; includeInIndex = 1; lastKnownFileType = text.xcconfig; name = "Pods-Portal RunUITests.debug.xcconfig"; path = "Pods/Target Support Files/Pods-Portal RunUITests/Pods-Portal RunUITests.debug.xcconfig"; sourceTree = "<group>"; };
		BCB0A9041DF7956F004FAEAF /* icon-images */ = {isa = PBXFileReference; lastKnownFileType = folder; path = "icon-images"; sourceTree = "<group>"; };
		CE04E0BB23B565354FAB900D /* Pods_Portal_RunTests.framework */ = {isa = PBXFileReference; explicitFileType = wrapper.framework; includeInIndex = 0; path = Pods_Portal_RunTests.framework; sourceTree = BUILT_PRODUCTS_DIR; };
		D277CC248F84BC7BE5B97BF9 /* Pods-Portal Run.release.xcconfig */ = {isa = PBXFileReference; includeInIndex = 1; lastKnownFileType = text.xcconfig; name = "Pods-Portal Run.release.xcconfig"; path = "Pods/Target Support Files/Pods-Portal Run/Pods-Portal Run.release.xcconfig"; sourceTree = "<group>"; };
		D55D35D03E349B6FD0818302 /* Pods-Portal RunTests.release.xcconfig */ = {isa = PBXFileReference; includeInIndex = 1; lastKnownFileType = text.xcconfig; name = "Pods-Portal RunTests.release.xcconfig"; path = "Pods/Target Support Files/Pods-Portal RunTests/Pods-Portal RunTests.release.xcconfig"; sourceTree = "<group>"; };
		DEB6FC5DB39D24BA32A847AF /* Pods-Portal RunTests.debug.xcconfig */ = {isa = PBXFileReference; includeInIndex = 1; lastKnownFileType = text.xcconfig; name = "Pods-Portal RunTests.debug.xcconfig"; path = "Pods/Target Support Files/Pods-Portal RunTests/Pods-Portal RunTests.debug.xcconfig"; sourceTree = "<group>"; };
		F82B2D311DD6457A001C0483 /* Portal Run.app */ = {isa = PBXFileReference; explicitFileType = wrapper.application; includeInIndex = 0; path = "Portal Run.app"; sourceTree = BUILT_PRODUCTS_DIR; };
		F82B2D341DD6457A001C0483 /* AppDelegate.swift */ = {isa = PBXFileReference; lastKnownFileType = sourcecode.swift; path = AppDelegate.swift; sourceTree = "<group>"; };
		F82B2D3C1DD6457A001C0483 /* GameViewController.swift */ = {isa = PBXFileReference; lastKnownFileType = sourcecode.swift; path = GameViewController.swift; sourceTree = "<group>"; };
		F82B2D3F1DD6457A001C0483 /* Base */ = {isa = PBXFileReference; lastKnownFileType = file.storyboard; name = Base; path = Base.lproj/Main.storyboard; sourceTree = "<group>"; };
		F82B2D411DD6457B001C0483 /* Assets.xcassets */ = {isa = PBXFileReference; lastKnownFileType = folder.assetcatalog; path = Assets.xcassets; sourceTree = "<group>"; };
		F82B2D441DD6457B001C0483 /* Base */ = {isa = PBXFileReference; lastKnownFileType = file.storyboard; name = Base; path = Base.lproj/LaunchScreen.storyboard; sourceTree = "<group>"; };
		F82B2D461DD6457B001C0483 /* Info.plist */ = {isa = PBXFileReference; lastKnownFileType = text.plist.xml; path = Info.plist; sourceTree = "<group>"; };
		F82B2D4B1DD6457B001C0483 /* Portal RunTests.xctest */ = {isa = PBXFileReference; explicitFileType = wrapper.cfbundle; includeInIndex = 0; path = "Portal RunTests.xctest"; sourceTree = BUILT_PRODUCTS_DIR; };
		F82B2D4F1DD6457B001C0483 /* Portal_RunTests.swift */ = {isa = PBXFileReference; lastKnownFileType = sourcecode.swift; path = Portal_RunTests.swift; sourceTree = "<group>"; };
		F82B2D511DD6457B001C0483 /* Info.plist */ = {isa = PBXFileReference; lastKnownFileType = text.plist.xml; path = Info.plist; sourceTree = "<group>"; };
		F82B2D561DD6457B001C0483 /* Portal RunUITests.xctest */ = {isa = PBXFileReference; explicitFileType = wrapper.cfbundle; includeInIndex = 0; path = "Portal RunUITests.xctest"; sourceTree = BUILT_PRODUCTS_DIR; };
		F82B2D5A1DD6457B001C0483 /* Portal_RunUITests.swift */ = {isa = PBXFileReference; lastKnownFileType = sourcecode.swift; path = Portal_RunUITests.swift; sourceTree = "<group>"; };
		F82B2D5C1DD6457B001C0483 /* Info.plist */ = {isa = PBXFileReference; lastKnownFileType = text.plist.xml; path = Info.plist; sourceTree = "<group>"; };
		F82B2D6F1DD6601B001C0483 /* StartScreenViewController.swift */ = {isa = PBXFileReference; fileEncoding = 4; lastKnownFileType = sourcecode.swift; path = StartScreenViewController.swift; sourceTree = "<group>"; };
		F82B2D711DD66397001C0483 /* InstructionViewController.swift */ = {isa = PBXFileReference; fileEncoding = 4; lastKnownFileType = sourcecode.swift; path = InstructionViewController.swift; sourceTree = "<group>"; };
		F82C5BAD1E3478DF00A5EB02 /* GoogleService-Info.plist */ = {isa = PBXFileReference; fileEncoding = 4; lastKnownFileType = text.plist.xml; path = "GoogleService-Info.plist"; sourceTree = "<group>"; };
		F82DB8251DF772E000A613F9 /* ScoreboardData.swift */ = {isa = PBXFileReference; fileEncoding = 4; lastKnownFileType = sourcecode.swift; path = ScoreboardData.swift; sourceTree = "<group>"; };
		F82DB8281DF798A000A613F9 /* HighScoresTableViewController.swift */ = {isa = PBXFileReference; fileEncoding = 4; lastKnownFileType = sourcecode.swift; path = HighScoresTableViewController.swift; sourceTree = "<group>"; };
		F8978D541E343DCD008F1774 /* Portal-Run.xcdatamodel */ = {isa = PBXFileReference; lastKnownFileType = wrapper.xcdatamodel; path = "Portal-Run.xcdatamodel"; sourceTree = "<group>"; };
		F8B7CC7B1DF14548002FE3D9 /* GameScene.swift */ = {isa = PBXFileReference; fileEncoding = 4; lastKnownFileType = sourcecode.swift; path = GameScene.swift; sourceTree = "<group>"; };
		F8E4391E1DF8DC58003B3CD3 /* Scoreboard.swift */ = {isa = PBXFileReference; fileEncoding = 4; lastKnownFileType = sourcecode.swift; path = Scoreboard.swift; sourceTree = "<group>"; };
		F8E439201DF91024003B3CD3 /* Cloud.swift */ = {isa = PBXFileReference; fileEncoding = 4; lastKnownFileType = sourcecode.swift; path = Cloud.swift; sourceTree = "<group>"; };
		F8E439221DF91574003B3CD3 /* CloudGenerator.swift */ = {isa = PBXFileReference; fileEncoding = 4; lastKnownFileType = sourcecode.swift; path = CloudGenerator.swift; sourceTree = "<group>"; };
		F9FAF7E01DF8D0A600DD687D /* video.mov */ = {isa = PBXFileReference; lastKnownFileType = video.quicktime; name = video.mov; path = "Portal Run/video.mov"; sourceTree = "<group>"; };
/* End PBXFileReference section */

/* Begin PBXFrameworksBuildPhase section */
		F82B2D2E1DD6457A001C0483 /* Frameworks */ = {
			isa = PBXFrameworksBuildPhase;
			buildActionMask = 2147483647;
			files = (
				618198B5E3BC831D9F5CB1E8 /* Pods_Portal_Run.framework in Frameworks */,
			);
			runOnlyForDeploymentPostprocessing = 0;
		};
		F82B2D481DD6457B001C0483 /* Frameworks */ = {
			isa = PBXFrameworksBuildPhase;
			buildActionMask = 2147483647;
			files = (
				D428DC9953B4D6EC5633CFD8 /* Pods_Portal_RunTests.framework in Frameworks */,
			);
			runOnlyForDeploymentPostprocessing = 0;
		};
		F82B2D531DD6457B001C0483 /* Frameworks */ = {
			isa = PBXFrameworksBuildPhase;
			buildActionMask = 2147483647;
			files = (
				5C24E708F0E71AD855474195 /* Pods_Portal_RunUITests.framework in Frameworks */,
			);
			runOnlyForDeploymentPostprocessing = 0;
		};
/* End PBXFrameworksBuildPhase section */

/* Begin PBXGroup section */
		0D921B87CC4F809D7EF73308 /* Pods */ = {
			isa = PBXGroup;
			children = (
				5F834F5FFAD05DCC916F2D8A /* Pods-Portal Run.debug.xcconfig */,
				D277CC248F84BC7BE5B97BF9 /* Pods-Portal Run.release.xcconfig */,
				DEB6FC5DB39D24BA32A847AF /* Pods-Portal RunTests.debug.xcconfig */,
				D55D35D03E349B6FD0818302 /* Pods-Portal RunTests.release.xcconfig */,
				A5CAD92E775B314C7B9DDC62 /* Pods-Portal RunUITests.debug.xcconfig */,
				3B4F469F1EA004FEE5280888 /* Pods-Portal RunUITests.release.xcconfig */,
			);
			name = Pods;
			sourceTree = "<group>";
		};
		16936F14DB4AD8A1155D43A9 /* Frameworks */ = {
			isa = PBXGroup;
			children = (
				65B8C87CE10CB78A3BB7877D /* Pods_Portal_Run.framework */,
				CE04E0BB23B565354FAB900D /* Pods_Portal_RunTests.framework */,
				4B43039D806AD2BB0B36E635 /* Pods_Portal_RunUITests.framework */,
			);
			name = Frameworks;
			sourceTree = "<group>";
		};
		6256DD2D1DF62BC3005B8E2B /* Objects and Generation */ = {
			isa = PBXGroup;
			children = (
				F8E4391E1DF8DC58003B3CD3 /* Scoreboard.swift */,
				F8E439201DF91024003B3CD3 /* Cloud.swift */,
				F8E439221DF91574003B3CD3 /* CloudGenerator.swift */,
				6256DD301DF64E95005B8E2B /* Portal.swift */,
				6256DD321DF6504A005B8E2B /* PortalGenerator.swift */,
				6256DD2B1DF62BBC005B8E2B /* Wall.swift */,
				6256DD291DF62BA7005B8E2B /* WallGenerator.swift */,
			);
			name = "Objects and Generation";
			sourceTree = "<group>";
		};
		F82B2D281DD6457A001C0483 = {
			isa = PBXGroup;
			children = (
				F9FAF7E01DF8D0A600DD687D /* video.mov */,
				F82B2D331DD6457A001C0483 /* Portal Run */,
				F82B2D4E1DD6457B001C0483 /* Portal RunTests */,
				F82B2D591DD6457B001C0483 /* Portal RunUITests */,
				F82B2D321DD6457A001C0483 /* Products */,
				0D921B87CC4F809D7EF73308 /* Pods */,
				16936F14DB4AD8A1155D43A9 /* Frameworks */,
			);
			sourceTree = "<group>";
		};
		F82B2D321DD6457A001C0483 /* Products */ = {
			isa = PBXGroup;
			children = (
				F82B2D311DD6457A001C0483 /* Portal Run.app */,
				F82B2D4B1DD6457B001C0483 /* Portal RunTests.xctest */,
				F82B2D561DD6457B001C0483 /* Portal RunUITests.xctest */,
			);
			name = Products;
			sourceTree = "<group>";
		};
		F82B2D331DD6457A001C0483 /* Portal Run */ = {
			isa = PBXGroup;
			children = (
				BCB0A9041DF7956F004FAEAF /* icon-images */,
				F82B2D341DD6457A001C0483 /* AppDelegate.swift */,
				F82B2D751DD66B1B001C0483 /* ViewControllers */,
				F8B7CC7B1DF14548002FE3D9 /* GameScene.swift */,
				F82DB8271DF7732700A613F9 /* Models */,
				6256DD2D1DF62BC3005B8E2B /* Objects and Generation */,
				6256DD251DF60C8E005B8E2B /* MovingGround.swift */,
				6256DD271DF61659005B8E2B /* Hero.swift */,
				F82B2D411DD6457B001C0483 /* Assets.xcassets */,
				F82B2D681DD645AC001C0483 /* Miscelleneous */,
			);
			path = "Portal Run";
			sourceTree = "<group>";
		};
		F82B2D4E1DD6457B001C0483 /* Portal RunTests */ = {
			isa = PBXGroup;
			children = (
				F82B2D4F1DD6457B001C0483 /* Portal_RunTests.swift */,
				F82B2D511DD6457B001C0483 /* Info.plist */,
			);
			path = "Portal RunTests";
			sourceTree = "<group>";
		};
		F82B2D591DD6457B001C0483 /* Portal RunUITests */ = {
			isa = PBXGroup;
			children = (
				F82B2D5A1DD6457B001C0483 /* Portal_RunUITests.swift */,
				F82B2D5C1DD6457B001C0483 /* Info.plist */,
			);
			path = "Portal RunUITests";
			sourceTree = "<group>";
		};
		F82B2D681DD645AC001C0483 /* Miscelleneous */ = {
			isa = PBXGroup;
			children = (
				F82B2D431DD6457B001C0483 /* LaunchScreen.storyboard */,
				F82B2D3E1DD6457A001C0483 /* Main.storyboard */,
				F8978D531E343DCD008F1774 /* Portal-Run.xcdatamodeld */,
				F82C5BAD1E3478DF00A5EB02 /* GoogleService-Info.plist */,
				F82B2D461DD6457B001C0483 /* Info.plist */,
			);
			name = Miscelleneous;
			sourceTree = "<group>";
		};
		F82B2D751DD66B1B001C0483 /* ViewControllers */ = {
			isa = PBXGroup;
			children = (
				F82B2D6F1DD6601B001C0483 /* StartScreenViewController.swift */,
				F82B2D3C1DD6457A001C0483 /* GameViewController.swift */,
				F82DB8281DF798A000A613F9 /* HighScoresTableViewController.swift */,
				F82B2D711DD66397001C0483 /* InstructionViewController.swift */,
			);
			name = ViewControllers;
			sourceTree = "<group>";
		};
		F82DB8271DF7732700A613F9 /* Models */ = {
			isa = PBXGroup;
			children = (
				F82DB8251DF772E000A613F9 /* ScoreboardData.swift */,
				6256DD2E1DF6303F005B8E2B /* Constants.swift */,
			);
			name = Models;
			sourceTree = "<group>";
		};
/* End PBXGroup section */

/* Begin PBXNativeTarget section */
		F82B2D301DD6457A001C0483 /* Portal Run */ = {
			isa = PBXNativeTarget;
			buildConfigurationList = F82B2D5F1DD6457B001C0483 /* Build configuration list for PBXNativeTarget "Portal Run" */;
			buildPhases = (
				29F0AFCDD0813549EDD2393A /* [CP] Check Pods Manifest.lock */,
				F82B2D2D1DD6457A001C0483 /* Sources */,
				F82B2D2E1DD6457A001C0483 /* Frameworks */,
				F82B2D2F1DD6457A001C0483 /* Resources */,
				505E36361A717AC1ECAD8213 /* [CP] Embed Pods Frameworks */,
				0D00AF45B5A9315A34B3D296 /* [CP] Copy Pods Resources */,
			);
			buildRules = (
			);
			dependencies = (
			);
			name = "Portal Run";
			productName = "Portal Run";
			productReference = F82B2D311DD6457A001C0483 /* Portal Run.app */;
			productType = "com.apple.product-type.application";
		};
		F82B2D4A1DD6457B001C0483 /* Portal RunTests */ = {
			isa = PBXNativeTarget;
			buildConfigurationList = F82B2D621DD6457B001C0483 /* Build configuration list for PBXNativeTarget "Portal RunTests" */;
			buildPhases = (
				BCE1F65DA390A8C1E320CECD /* [CP] Check Pods Manifest.lock */,
				F82B2D471DD6457B001C0483 /* Sources */,
				F82B2D481DD6457B001C0483 /* Frameworks */,
				F82B2D491DD6457B001C0483 /* Resources */,
				B8AC67416F2551F8021EA772 /* [CP] Embed Pods Frameworks */,
				F500D73856B957676595178F /* [CP] Copy Pods Resources */,
			);
			buildRules = (
			);
			dependencies = (
				F82B2D4D1DD6457B001C0483 /* PBXTargetDependency */,
			);
			name = "Portal RunTests";
			productName = "Portal RunTests";
			productReference = F82B2D4B1DD6457B001C0483 /* Portal RunTests.xctest */;
			productType = "com.apple.product-type.bundle.unit-test";
		};
		F82B2D551DD6457B001C0483 /* Portal RunUITests */ = {
			isa = PBXNativeTarget;
			buildConfigurationList = F82B2D651DD6457B001C0483 /* Build configuration list for PBXNativeTarget "Portal RunUITests" */;
			buildPhases = (
				D2E3F100D0BF55278A52E761 /* [CP] Check Pods Manifest.lock */,
				F82B2D521DD6457B001C0483 /* Sources */,
				F82B2D531DD6457B001C0483 /* Frameworks */,
				F82B2D541DD6457B001C0483 /* Resources */,
				ED52FF3A0B69C84CF25BF1C6 /* [CP] Embed Pods Frameworks */,
				357F7798800A64E9EF8F138D /* [CP] Copy Pods Resources */,
			);
			buildRules = (
			);
			dependencies = (
				F82B2D581DD6457B001C0483 /* PBXTargetDependency */,
			);
			name = "Portal RunUITests";
			productName = "Portal RunUITests";
			productReference = F82B2D561DD6457B001C0483 /* Portal RunUITests.xctest */;
			productType = "com.apple.product-type.bundle.ui-testing";
		};
/* End PBXNativeTarget section */

/* Begin PBXProject section */
		F82B2D291DD6457A001C0483 /* Project object */ = {
			isa = PBXProject;
			attributes = {
				LastSwiftUpdateCheck = 0810;
				LastUpgradeCheck = 0820;
				ORGANIZATIONNAME = "Portal Run Team";
				TargetAttributes = {
					F82B2D301DD6457A001C0483 = {
						CreatedOnToolsVersion = 8.1;
						DevelopmentTeam = L25SEP3S7J;
						ProvisioningStyle = Automatic;
					};
					F82B2D4A1DD6457B001C0483 = {
						CreatedOnToolsVersion = 8.1;
						ProvisioningStyle = Automatic;
						TestTargetID = F82B2D301DD6457A001C0483;
					};
					F82B2D551DD6457B001C0483 = {
						CreatedOnToolsVersion = 8.1;
						ProvisioningStyle = Automatic;
						TestTargetID = F82B2D301DD6457A001C0483;
					};
				};
			};
			buildConfigurationList = F82B2D2C1DD6457A001C0483 /* Build configuration list for PBXProject "Portal Run" */;
			compatibilityVersion = "Xcode 3.2";
			developmentRegion = English;
			hasScannedForEncodings = 0;
			knownRegions = (
				en,
				Base,
			);
			mainGroup = F82B2D281DD6457A001C0483;
			productRefGroup = F82B2D321DD6457A001C0483 /* Products */;
			projectDirPath = "";
			projectRoot = "";
			targets = (
				F82B2D301DD6457A001C0483 /* Portal Run */,
				F82B2D4A1DD6457B001C0483 /* Portal RunTests */,
				F82B2D551DD6457B001C0483 /* Portal RunUITests */,
			);
		};
/* End PBXProject section */

/* Begin PBXResourcesBuildPhase section */
		F82B2D2F1DD6457A001C0483 /* Resources */ = {
			isa = PBXResourcesBuildPhase;
			buildActionMask = 2147483647;
			files = (
				F9FAF7E11DF8D0A600DD687D /* video.mov in Resources */,
				F82B2D401DD6457A001C0483 /* Main.storyboard in Resources */,
				F82B2D421DD6457B001C0483 /* Assets.xcassets in Resources */,
				F82B2D451DD6457B001C0483 /* LaunchScreen.storyboard in Resources */,
				F82C5BAE1E3478DF00A5EB02 /* GoogleService-Info.plist in Resources */,
				BCB0A9051DF7956F004FAEAF /* icon-images in Resources */,
			);
			runOnlyForDeploymentPostprocessing = 0;
		};
		F82B2D491DD6457B001C0483 /* Resources */ = {
			isa = PBXResourcesBuildPhase;
			buildActionMask = 2147483647;
			files = (
			);
			runOnlyForDeploymentPostprocessing = 0;
		};
		F82B2D541DD6457B001C0483 /* Resources */ = {
			isa = PBXResourcesBuildPhase;
			buildActionMask = 2147483647;
			files = (
			);
			runOnlyForDeploymentPostprocessing = 0;
		};
/* End PBXResourcesBuildPhase section */

/* Begin PBXShellScriptBuildPhase section */
		0D00AF45B5A9315A34B3D296 /* [CP] Copy Pods Resources */ = {
			isa = PBXShellScriptBuildPhase;
			buildActionMask = 2147483647;
			files = (
			);
			inputPaths = (
			);
			name = "[CP] Copy Pods Resources";
			outputPaths = (
			);
			runOnlyForDeploymentPostprocessing = 0;
			shellPath = /bin/sh;
			shellScript = "\"${SRCROOT}/Pods/Target Support Files/Pods-Portal Run/Pods-Portal Run-resources.sh\"\n";
			showEnvVarsInLog = 0;
		};
		29F0AFCDD0813549EDD2393A /* [CP] Check Pods Manifest.lock */ = {
			isa = PBXShellScriptBuildPhase;
			buildActionMask = 2147483647;
			files = (
			);
			inputPaths = (
			);
			name = "[CP] Check Pods Manifest.lock";
			outputPaths = (
			);
			runOnlyForDeploymentPostprocessing = 0;
			shellPath = /bin/sh;
			shellScript = "diff \"${PODS_ROOT}/../Podfile.lock\" \"${PODS_ROOT}/Manifest.lock\" > /dev/null\nif [ $? != 0 ] ; then\n    # print error to STDERR\n    echo \"error: The sandbox is not in sync with the Podfile.lock. Run 'pod install' or update your CocoaPods installation.\" >&2\n    exit 1\nfi\n";
			showEnvVarsInLog = 0;
		};
		357F7798800A64E9EF8F138D /* [CP] Copy Pods Resources */ = {
			isa = PBXShellScriptBuildPhase;
			buildActionMask = 2147483647;
			files = (
			);
			inputPaths = (
			);
			name = "[CP] Copy Pods Resources";
			outputPaths = (
			);
			runOnlyForDeploymentPostprocessing = 0;
			shellPath = /bin/sh;
			shellScript = "\"${SRCROOT}/Pods/Target Support Files/Pods-Portal RunUITests/Pods-Portal RunUITests-resources.sh\"\n";
			showEnvVarsInLog = 0;
		};
		505E36361A717AC1ECAD8213 /* [CP] Embed Pods Frameworks */ = {
			isa = PBXShellScriptBuildPhase;
			buildActionMask = 2147483647;
			files = (
			);
			inputPaths = (
			);
			name = "[CP] Embed Pods Frameworks";
			outputPaths = (
			);
			runOnlyForDeploymentPostprocessing = 0;
			shellPath = /bin/sh;
			shellScript = "\"${SRCROOT}/Pods/Target Support Files/Pods-Portal Run/Pods-Portal Run-frameworks.sh\"\n";
			showEnvVarsInLog = 0;
		};
		B8AC67416F2551F8021EA772 /* [CP] Embed Pods Frameworks */ = {
			isa = PBXShellScriptBuildPhase;
			buildActionMask = 2147483647;
			files = (
			);
			inputPaths = (
			);
			name = "[CP] Embed Pods Frameworks";
			outputPaths = (
			);
			runOnlyForDeploymentPostprocessing = 0;
			shellPath = /bin/sh;
			shellScript = "\"${SRCROOT}/Pods/Target Support Files/Pods-Portal RunTests/Pods-Portal RunTests-frameworks.sh\"\n";
			showEnvVarsInLog = 0;
		};
		BCE1F65DA390A8C1E320CECD /* [CP] Check Pods Manifest.lock */ = {
			isa = PBXShellScriptBuildPhase;
			buildActionMask = 2147483647;
			files = (
			);
			inputPaths = (
			);
			name = "[CP] Check Pods Manifest.lock";
			outputPaths = (
			);
			runOnlyForDeploymentPostprocessing = 0;
			shellPath = /bin/sh;
			shellScript = "diff \"${PODS_ROOT}/../Podfile.lock\" \"${PODS_ROOT}/Manifest.lock\" > /dev/null\nif [ $? != 0 ] ; then\n    # print error to STDERR\n    echo \"error: The sandbox is not in sync with the Podfile.lock. Run 'pod install' or update your CocoaPods installation.\" >&2\n    exit 1\nfi\n";
			showEnvVarsInLog = 0;
		};
		D2E3F100D0BF55278A52E761 /* [CP] Check Pods Manifest.lock */ = {
			isa = PBXShellScriptBuildPhase;
			buildActionMask = 2147483647;
			files = (
			);
			inputPaths = (
			);
			name = "[CP] Check Pods Manifest.lock";
			outputPaths = (
			);
			runOnlyForDeploymentPostprocessing = 0;
			shellPath = /bin/sh;
			shellScript = "diff \"${PODS_ROOT}/../Podfile.lock\" \"${PODS_ROOT}/Manifest.lock\" > /dev/null\nif [ $? != 0 ] ; then\n    # print error to STDERR\n    echo \"error: The sandbox is not in sync with the Podfile.lock. Run 'pod install' or update your CocoaPods installation.\" >&2\n    exit 1\nfi\n";
			showEnvVarsInLog = 0;
		};
		ED52FF3A0B69C84CF25BF1C6 /* [CP] Embed Pods Frameworks */ = {
			isa = PBXShellScriptBuildPhase;
			buildActionMask = 2147483647;
			files = (
			);
			inputPaths = (
			);
			name = "[CP] Embed Pods Frameworks";
			outputPaths = (
			);
			runOnlyForDeploymentPostprocessing = 0;
			shellPath = /bin/sh;
			shellScript = "\"${SRCROOT}/Pods/Target Support Files/Pods-Portal RunUITests/Pods-Portal RunUITests-frameworks.sh\"\n";
			showEnvVarsInLog = 0;
		};
		F500D73856B957676595178F /* [CP] Copy Pods Resources */ = {
			isa = PBXShellScriptBuildPhase;
			buildActionMask = 2147483647;
			files = (
			);
			inputPaths = (
			);
			name = "[CP] Copy Pods Resources";
			outputPaths = (
			);
			runOnlyForDeploymentPostprocessing = 0;
			shellPath = /bin/sh;
			shellScript = "\"${SRCROOT}/Pods/Target Support Files/Pods-Portal RunTests/Pods-Portal RunTests-resources.sh\"\n";
			showEnvVarsInLog = 0;
		};
/* End PBXShellScriptBuildPhase section */

/* Begin PBXSourcesBuildPhase section */
		F82B2D2D1DD6457A001C0483 /* Sources */ = {
			isa = PBXSourcesBuildPhase;
			buildActionMask = 2147483647;
			files = (
				F82DB8291DF798A000A613F9 /* HighScoresTableViewController.swift in Sources */,
				F8B7CC7C1DF14548002FE3D9 /* GameScene.swift in Sources */,
				6256DD2A1DF62BA7005B8E2B /* WallGenerator.swift in Sources */,
				F8E4391F1DF8DC58003B3CD3 /* Scoreboard.swift in Sources */,
				F8E439231DF91574003B3CD3 /* CloudGenerator.swift in Sources */,
				F82B2D721DD66398001C0483 /* InstructionViewController.swift in Sources */,
				6256DD261DF60C8E005B8E2B /* MovingGround.swift in Sources */,
				6256DD281DF61659005B8E2B /* Hero.swift in Sources */,
				6256DD311DF64E95005B8E2B /* Portal.swift in Sources */,
				F82B2D3D1DD6457A001C0483 /* GameViewController.swift in Sources */,
				F82B2D351DD6457A001C0483 /* AppDelegate.swift in Sources */,
				6256DD2C1DF62BBC005B8E2B /* Wall.swift in Sources */,
				F82B2D701DD6601B001C0483 /* StartScreenViewController.swift in Sources */,
				F8978D551E343DCD008F1774 /* Portal-Run.xcdatamodeld in Sources */,
				6256DD2F1DF6303F005B8E2B /* Constants.swift in Sources */,
				F8E439211DF91025003B3CD3 /* Cloud.swift in Sources */,
				F82DB8261DF772E200A613F9 /* ScoreboardData.swift in Sources */,
				6256DD331DF6504A005B8E2B /* PortalGenerator.swift in Sources */,
			);
			runOnlyForDeploymentPostprocessing = 0;
		};
		F82B2D471DD6457B001C0483 /* Sources */ = {
			isa = PBXSourcesBuildPhase;
			buildActionMask = 2147483647;
			files = (
				F82B2D501DD6457B001C0483 /* Portal_RunTests.swift in Sources */,
			);
			runOnlyForDeploymentPostprocessing = 0;
		};
		F82B2D521DD6457B001C0483 /* Sources */ = {
			isa = PBXSourcesBuildPhase;
			buildActionMask = 2147483647;
			files = (
				F82B2D5B1DD6457B001C0483 /* Portal_RunUITests.swift in Sources */,
			);
			runOnlyForDeploymentPostprocessing = 0;
		};
/* End PBXSourcesBuildPhase section */

/* Begin PBXTargetDependency section */
		F82B2D4D1DD6457B001C0483 /* PBXTargetDependency */ = {
			isa = PBXTargetDependency;
			target = F82B2D301DD6457A001C0483 /* Portal Run */;
			targetProxy = F82B2D4C1DD6457B001C0483 /* PBXContainerItemProxy */;
		};
		F82B2D581DD6457B001C0483 /* PBXTargetDependency */ = {
			isa = PBXTargetDependency;
			target = F82B2D301DD6457A001C0483 /* Portal Run */;
			targetProxy = F82B2D571DD6457B001C0483 /* PBXContainerItemProxy */;
		};
/* End PBXTargetDependency section */

/* Begin PBXVariantGroup section */
		F82B2D3E1DD6457A001C0483 /* Main.storyboard */ = {
			isa = PBXVariantGroup;
			children = (
				F82B2D3F1DD6457A001C0483 /* Base */,
			);
			name = Main.storyboard;
			sourceTree = "<group>";
		};
		F82B2D431DD6457B001C0483 /* LaunchScreen.storyboard */ = {
			isa = PBXVariantGroup;
			children = (
				F82B2D441DD6457B001C0483 /* Base */,
			);
			name = LaunchScreen.storyboard;
			sourceTree = "<group>";
		};
/* End PBXVariantGroup section */

/* Begin XCBuildConfiguration section */
		F82B2D5D1DD6457B001C0483 /* Debug */ = {
			isa = XCBuildConfiguration;
			buildSettings = {
				ALWAYS_SEARCH_USER_PATHS = NO;
				CLANG_ANALYZER_NONNULL = YES;
				CLANG_CXX_LANGUAGE_STANDARD = "gnu++0x";
				CLANG_CXX_LIBRARY = "libc++";
				CLANG_ENABLE_MODULES = YES;
				CLANG_ENABLE_OBJC_ARC = YES;
				CLANG_WARN_BOOL_CONVERSION = YES;
				CLANG_WARN_CONSTANT_CONVERSION = YES;
				CLANG_WARN_DIRECT_OBJC_ISA_USAGE = YES_ERROR;
				CLANG_WARN_DOCUMENTATION_COMMENTS = YES;
				CLANG_WARN_EMPTY_BODY = YES;
				CLANG_WARN_ENUM_CONVERSION = YES;
				CLANG_WARN_INFINITE_RECURSION = YES;
				CLANG_WARN_INT_CONVERSION = YES;
				CLANG_WARN_OBJC_ROOT_CLASS = YES_ERROR;
				CLANG_WARN_SUSPICIOUS_MOVE = YES;
				CLANG_WARN_SUSPICIOUS_MOVES = YES;
				CLANG_WARN_UNREACHABLE_CODE = YES;
				CLANG_WARN__DUPLICATE_METHOD_MATCH = YES;
				"CODE_SIGN_IDENTITY[sdk=iphoneos*]" = "iPhone Developer";
				COPY_PHASE_STRIP = NO;
				DEBUG_INFORMATION_FORMAT = dwarf;
				ENABLE_STRICT_OBJC_MSGSEND = YES;
				ENABLE_TESTABILITY = YES;
				GCC_C_LANGUAGE_STANDARD = gnu99;
				GCC_DYNAMIC_NO_PIC = NO;
				GCC_NO_COMMON_BLOCKS = YES;
				GCC_OPTIMIZATION_LEVEL = 0;
				GCC_PREPROCESSOR_DEFINITIONS = (
					"DEBUG=1",
					"$(inherited)",
				);
				GCC_WARN_64_TO_32_BIT_CONVERSION = YES;
				GCC_WARN_ABOUT_RETURN_TYPE = YES_ERROR;
				GCC_WARN_UNDECLARED_SELECTOR = YES;
				GCC_WARN_UNINITIALIZED_AUTOS = YES_AGGRESSIVE;
				GCC_WARN_UNUSED_FUNCTION = YES;
				GCC_WARN_UNUSED_VARIABLE = YES;
				IPHONEOS_DEPLOYMENT_TARGET = 10.2;
				MTL_ENABLE_DEBUG_INFO = YES;
				ONLY_ACTIVE_ARCH = YES;
				SDKROOT = iphoneos;
				SWIFT_ACTIVE_COMPILATION_CONDITIONS = DEBUG;
				SWIFT_OPTIMIZATION_LEVEL = "-Onone";
				TARGETED_DEVICE_FAMILY = "1,2";
			};
			name = Debug;
		};
		F82B2D5E1DD6457B001C0483 /* Release */ = {
			isa = XCBuildConfiguration;
			buildSettings = {
				ALWAYS_SEARCH_USER_PATHS = NO;
				CLANG_ANALYZER_NONNULL = YES;
				CLANG_CXX_LANGUAGE_STANDARD = "gnu++0x";
				CLANG_CXX_LIBRARY = "libc++";
				CLANG_ENABLE_MODULES = YES;
				CLANG_ENABLE_OBJC_ARC = YES;
				CLANG_WARN_BOOL_CONVERSION = YES;
				CLANG_WARN_CONSTANT_CONVERSION = YES;
				CLANG_WARN_DIRECT_OBJC_ISA_USAGE = YES_ERROR;
				CLANG_WARN_DOCUMENTATION_COMMENTS = YES;
				CLANG_WARN_EMPTY_BODY = YES;
				CLANG_WARN_ENUM_CONVERSION = YES;
				CLANG_WARN_INFINITE_RECURSION = YES;
				CLANG_WARN_INT_CONVERSION = YES;
				CLANG_WARN_OBJC_ROOT_CLASS = YES_ERROR;
				CLANG_WARN_SUSPICIOUS_MOVE = YES;
				CLANG_WARN_SUSPICIOUS_MOVES = YES;
				CLANG_WARN_UNREACHABLE_CODE = YES;
				CLANG_WARN__DUPLICATE_METHOD_MATCH = YES;
				"CODE_SIGN_IDENTITY[sdk=iphoneos*]" = "iPhone Developer";
				COPY_PHASE_STRIP = NO;
				DEBUG_INFORMATION_FORMAT = "dwarf-with-dsym";
				ENABLE_NS_ASSERTIONS = NO;
				ENABLE_STRICT_OBJC_MSGSEND = YES;
				GCC_C_LANGUAGE_STANDARD = gnu99;
				GCC_NO_COMMON_BLOCKS = YES;
				GCC_WARN_64_TO_32_BIT_CONVERSION = YES;
				GCC_WARN_ABOUT_RETURN_TYPE = YES_ERROR;
				GCC_WARN_UNDECLARED_SELECTOR = YES;
				GCC_WARN_UNINITIALIZED_AUTOS = YES_AGGRESSIVE;
				GCC_WARN_UNUSED_FUNCTION = YES;
				GCC_WARN_UNUSED_VARIABLE = YES;
				IPHONEOS_DEPLOYMENT_TARGET = 10.2;
				MTL_ENABLE_DEBUG_INFO = NO;
				SDKROOT = iphoneos;
				SWIFT_OPTIMIZATION_LEVEL = "-Owholemodule";
				TARGETED_DEVICE_FAMILY = "1,2";
				VALIDATE_PRODUCT = YES;
			};
			name = Release;
		};
		F82B2D601DD6457B001C0483 /* Debug */ = {
			isa = XCBuildConfiguration;
			baseConfigurationReference = 5F834F5FFAD05DCC916F2D8A /* Pods-Portal Run.debug.xcconfig */;
			buildSettings = {
				ASSETCATALOG_COMPILER_APPICON_NAME = AppIcon;
				DEVELOPMENT_TEAM = L25SEP3S7J;
				INFOPLIST_FILE = "Portal Run/Info.plist";
				LD_RUNPATH_SEARCH_PATHS = "$(inherited) @executable_path/Frameworks";
				PRODUCT_BUNDLE_IDENTIFIER = "com.phatpham.Portal-Run";
				PRODUCT_NAME = "$(TARGET_NAME)";
				SWIFT_VERSION = 3.0;
			};
			name = Debug;
		};
		F82B2D611DD6457B001C0483 /* Release */ = {
			isa = XCBuildConfiguration;
			baseConfigurationReference = D277CC248F84BC7BE5B97BF9 /* Pods-Portal Run.release.xcconfig */;
			buildSettings = {
				ASSETCATALOG_COMPILER_APPICON_NAME = AppIcon;
				DEVELOPMENT_TEAM = L25SEP3S7J;
				INFOPLIST_FILE = "Portal Run/Info.plist";
				LD_RUNPATH_SEARCH_PATHS = "$(inherited) @executable_path/Frameworks";
				PRODUCT_BUNDLE_IDENTIFIER = "com.phatpham.Portal-Run";
				PRODUCT_NAME = "$(TARGET_NAME)";
				SWIFT_VERSION = 3.0;
			};
			name = Release;
		};
		F82B2D631DD6457B001C0483 /* Debug */ = {
			isa = XCBuildConfiguration;
			baseConfigurationReference = DEB6FC5DB39D24BA32A847AF /* Pods-Portal RunTests.debug.xcconfig */;
			buildSettings = {
				ALWAYS_EMBED_SWIFT_STANDARD_LIBRARIES = YES;
				BUNDLE_LOADER = "$(TEST_HOST)";
				INFOPLIST_FILE = "Portal RunTests/Info.plist";
				LD_RUNPATH_SEARCH_PATHS = "$(inherited) @executable_path/Frameworks @loader_path/Frameworks";
				PRODUCT_BUNDLE_IDENTIFIER = "phat.Portal-RunTests";
				PRODUCT_NAME = "$(TARGET_NAME)";
				SWIFT_VERSION = 3.0;
				TEST_HOST = "$(BUILT_PRODUCTS_DIR)/Portal Run.app/Portal Run";
			};
			name = Debug;
		};
		F82B2D641DD6457B001C0483 /* Release */ = {
			isa = XCBuildConfiguration;
			baseConfigurationReference = D55D35D03E349B6FD0818302 /* Pods-Portal RunTests.release.xcconfig */;
			buildSettings = {
				ALWAYS_EMBED_SWIFT_STANDARD_LIBRARIES = YES;
				BUNDLE_LOADER = "$(TEST_HOST)";
				INFOPLIST_FILE = "Portal RunTests/Info.plist";
				LD_RUNPATH_SEARCH_PATHS = "$(inherited) @executable_path/Frameworks @loader_path/Frameworks";
				PRODUCT_BUNDLE_IDENTIFIER = "phat.Portal-RunTests";
				PRODUCT_NAME = "$(TARGET_NAME)";
				SWIFT_VERSION = 3.0;
				TEST_HOST = "$(BUILT_PRODUCTS_DIR)/Portal Run.app/Portal Run";
			};
			name = Release;
		};
		F82B2D661DD6457B001C0483 /* Debug */ = {
			isa = XCBuildConfiguration;
			baseConfigurationReference = A5CAD92E775B314C7B9DDC62 /* Pods-Portal RunUITests.debug.xcconfig */;
			buildSettings = {
				ALWAYS_EMBED_SWIFT_STANDARD_LIBRARIES = YES;
				INFOPLIST_FILE = "Portal RunUITests/Info.plist";
				LD_RUNPATH_SEARCH_PATHS = "$(inherited) @executable_path/Frameworks @loader_path/Frameworks";
				PRODUCT_BUNDLE_IDENTIFIER = "phat.Portal-RunUITests";
				PRODUCT_NAME = "$(TARGET_NAME)";
				SWIFT_VERSION = 3.0;
				TEST_TARGET_NAME = "Portal Run";
			};
			name = Debug;
		};
		F82B2D671DD6457B001C0483 /* Release */ = {
			isa = XCBuildConfiguration;
			baseConfigurationReference = 3B4F469F1EA004FEE5280888 /* Pods-Portal RunUITests.release.xcconfig */;
			buildSettings = {
				ALWAYS_EMBED_SWIFT_STANDARD_LIBRARIES = YES;
				INFOPLIST_FILE = "Portal RunUITests/Info.plist";
				LD_RUNPATH_SEARCH_PATHS = "$(inherited) @executable_path/Frameworks @loader_path/Frameworks";
				PRODUCT_BUNDLE_IDENTIFIER = "phat.Portal-RunUITests";
				PRODUCT_NAME = "$(TARGET_NAME)";
				SWIFT_VERSION = 3.0;
				TEST_TARGET_NAME = "Portal Run";
			};
			name = Release;
		};
/* End XCBuildConfiguration section */

/* Begin XCConfigurationList section */
		F82B2D2C1DD6457A001C0483 /* Build configuration list for PBXProject "Portal Run" */ = {
			isa = XCConfigurationList;
			buildConfigurations = (
				F82B2D5D1DD6457B001C0483 /* Debug */,
				F82B2D5E1DD6457B001C0483 /* Release */,
			);
			defaultConfigurationIsVisible = 0;
			defaultConfigurationName = Release;
		};
		F82B2D5F1DD6457B001C0483 /* Build configuration list for PBXNativeTarget "Portal Run" */ = {
			isa = XCConfigurationList;
			buildConfigurations = (
				F82B2D601DD6457B001C0483 /* Debug */,
				F82B2D611DD6457B001C0483 /* Release */,
			);
			defaultConfigurationIsVisible = 0;
			defaultConfigurationName = Release;
		};
		F82B2D621DD6457B001C0483 /* Build configuration list for PBXNativeTarget "Portal RunTests" */ = {
			isa = XCConfigurationList;
			buildConfigurations = (
				F82B2D631DD6457B001C0483 /* Debug */,
				F82B2D641DD6457B001C0483 /* Release */,
			);
			defaultConfigurationIsVisible = 0;
			defaultConfigurationName = Release;
		};
		F82B2D651DD6457B001C0483 /* Build configuration list for PBXNativeTarget "Portal RunUITests" */ = {
			isa = XCConfigurationList;
			buildConfigurations = (
				F82B2D661DD6457B001C0483 /* Debug */,
				F82B2D671DD6457B001C0483 /* Release */,
			);
			defaultConfigurationIsVisible = 0;
			defaultConfigurationName = Release;
		};
/* End XCConfigurationList section */

/* Begin XCVersionGroup section */
		F8978D531E343DCD008F1774 /* Portal-Run.xcdatamodeld */ = {
			isa = XCVersionGroup;
			children = (
				F8978D541E343DCD008F1774 /* Portal-Run.xcdatamodel */,
			);
			currentVersion = F8978D541E343DCD008F1774 /* Portal-Run.xcdatamodel */;
			path = "Portal-Run.xcdatamodeld";
			sourceTree = "<group>";
			versionGroupType = wrapper.xcdatamodel;
		};
/* End XCVersionGroup section */
	};
	rootObject = F82B2D291DD6457A001C0483 /* Project object */;
}
